
Microsoft Visual Studio Solution File, Format Version 12.00
# Visual Studio 2012
Project("{FAE04EC0-301F-11D3-BF4B-00C04F79EFBC}") = "Notes", "Notes\Notes.csproj", "{7A77D5D7-226E-4D37-AF32-8BAD3FBA0B32}"
EndProject
Project("{FAE04EC0-301F-11D3-BF4B-00C04F79EFBC}") = "UnitTestForNotes", "UnitTestForNotes\UnitTestForNotes.csproj", "{76CEA4C1-FE9A-46ED-B2C0-7C291DA70151}"
EndProject
Global
	GlobalSection(TeamFoundationVersionControl) = preSolution
		SccNumberOfProjects = 3
		SccEnterpriseProvider = {4CA58AB2-18FA-4F8D-95D4-32DDF27D184C}
		SccTeamFoundationServer = http://msra-tfs1:8080/tfs/ieg
		SccLocalPath0 = .
		SccProjectUniqueName1 = Notes\\Notes.csproj
		SccProjectName1 = Notes
		SccLocalPath1 = Notes
		SccProjectUniqueName2 = UnitTestForNotes\\UnitTestForNotes.csproj
		SccProjectName2 = UnitTestForNotes
		SccLocalPath2 = UnitTestForNotes
	EndGlobalSection
	GlobalSection(SolutionConfigurationPlatforms) = preSolution
		Debug|Any CPU = Debug|Any CPU
		Debug|ARM = Debug|ARM
		Debug|x64 = Debug|x64
		Debug|x86 = Debug|x86
		Release|Any CPU = Release|Any CPU
		Release|ARM = Release|ARM
		Release|x64 = Release|x64
		Release|x86 = Release|x86
	EndGlobalSection
	GlobalSection(ProjectConfigurationPlatforms) = postSolution
		{7A77D5D7-226E-4D37-AF32-8BAD3FBA0B32}.Debug|Any CPU.ActiveCfg = Debug|Any CPU
		{7A77D5D7-226E-4D37-AF32-8BAD3FBA0B32}.Debug|Any CPU.Build.0 = Debug|Any CPU
		{7A77D5D7-226E-4D37-AF32-8BAD3FBA0B32}.Debug|Any CPU.Deploy.0 = Debug|Any CPU
		{7A77D5D7-226E-4D37-AF32-8BAD3FBA0B32}.Debug|ARM.ActiveCfg = Debug|ARM
		{7A77D5D7-226E-4D37-AF32-8BAD3FBA0B32}.Debug|ARM.Build.0 = Debug|ARM
		{7A77D5D7-226E-4D37-AF32-8BAD3FBA0B32}.Debug|ARM.Deploy.0 = Debug|ARM
		{7A77D5D7-226E-4D37-AF32-8BAD3FBA0B32}.Debug|x64.ActiveCfg = Debug|x64
		{7A77D5D7-226E-4D37-AF32-8BAD3FBA0B32}.Debug|x64.Build.0 = Debug|x64
		{7A77D5D7-226E-4D37-AF32-8BAD3FBA0B32}.Debug|x64.Deploy.0 = Debug|x64
		{7A77D5D7-226E-4D37-AF32-8BAD3FBA0B32}.Debug|x86.ActiveCfg = Debug|x86
		{7A77D5D7-226E-4D37-AF32-8BAD3FBA0B32}.Debug|x86.Build.0 = Debug|x86
		{7A77D5D7-226E-4D37-AF32-8BAD3FBA0B32}.Debug|x86.Deploy.0 = Debug|x86
		{7A77D5D7-226E-4D37-AF32-8BAD3FBA0B32}.Release|Any CPU.ActiveCfg = Release|Any CPU
		{7A77D5D7-226E-4D37-AF32-8BAD3FBA0B32}.Release|Any CPU.Build.0 = Release|Any CPU
		{7A77D5D7-226E-4D37-AF32-8BAD3FBA0B32}.Release|Any CPU.Deploy.0 = Release|Any CPU
		{7A77D5D7-226E-4D37-AF32-8BAD3FBA0B32}.Release|ARM.ActiveCfg = Release|ARM
		{7A77D5D7-226E-4D37-AF32-8BAD3FBA0B32}.Release|ARM.Build.0 = Release|ARM
		{7A77D5D7-226E-4D37-AF32-8BAD3FBA0B32}.Release|ARM.Deploy.0 = Release|ARM
		{7A77D5D7-226E-4D37-AF32-8BAD3FBA0B32}.Release|x64.ActiveCfg = Release|x64
		{7A77D5D7-226E-4D37-AF32-8BAD3FBA0B32}.Release|x64.Build.0 = Release|x64
		{7A77D5D7-226E-4D37-AF32-8BAD3FBA0B32}.Release|x64.Deploy.0 = Release|x64
		{7A77D5D7-226E-4D37-AF32-8BAD3FBA0B32}.Release|x86.ActiveCfg = Release|x86
		{7A77D5D7-226E-4D37-AF32-8BAD3FBA0B32}.Release|x86.Build.0 = Release|x86
		{7A77D5D7-226E-4D37-AF32-8BAD3FBA0B32}.Release|x86.Deploy.0 = Release|x86
		{76CEA4C1-FE9A-46ED-B2C0-7C291DA70151}.Debug|Any CPU.ActiveCfg = Debug|Any CPU
		{76CEA4C1-FE9A-46ED-B2C0-7C291DA70151}.Debug|Any CPU.Build.0 = Debug|Any CPU
		{76CEA4C1-FE9A-46ED-B2C0-7C291DA70151}.Debug|ARM.ActiveCfg = Debug|Any CPU
		{76CEA4C1-FE9A-46ED-B2C0-7C291DA70151}.Debug|x64.ActiveCfg = Debug|Any CPU
		{76CEA4C1-FE9A-46ED-B2C0-7C291DA70151}.Debug|x86.ActiveCfg = Debug|Any CPU
		{76CEA4C1-FE9A-46ED-B2C0-7C291DA70151}.Release|Any CPU.ActiveCfg = Release|Any CPU
		{76CEA4C1-FE9A-46ED-B2C0-7C291DA70151}.Release|Any CPU.Build.0 = Release|Any CPU
		{76CEA4C1-FE9A-46ED-B2C0-7C291DA70151}.Release|ARM.ActiveCfg = Release|Any CPU
		{76CEA4C1-FE9A-46ED-B2C0-7C291DA70151}.Release|x64.ActiveCfg = Release|Any CPU
		{76CEA4C1-FE9A-46ED-B2C0-7C291DA70151}.Release|x86.ActiveCfg = Release|Any CPU
	EndGlobalSection
	GlobalSection(SolutionProperties) = preSolution
		HideSolutionNode = FALSE
	EndGlobalSection
EndGlobal
